{
  "version": 4,
  "terraform_version": "1.2.8",
  "serial": 4,
  "lineage": "ef477811-10e4-07e3-5cbe-9156e63d9b25",
  "outputs": {},
  "resources": [
    {
      "mode": "managed",
      "type": "aws_instance",
      "name": "instance",
      "provider": "provider[\"registry.terraform.io/hashicorp/aws\"]",
      "instances": [
        {
          "schema_version": 1,
          "attributes": {
            "ami": "ami-052efd3df9dad4825",
            "arn": "arn:aws:ec2:us-east-1:404973048572:instance/i-04b8aa2d6a00dfd11",
            "associate_public_ip_address": true,
            "availability_zone": "us-east-1a",
            "capacity_reservation_specification": [
              {
                "capacity_reservation_preference": "open",
                "capacity_reservation_target": []
              }
            ],
            "cpu_core_count": 1,
            "cpu_threads_per_core": 1,
            "credit_specification": [
              {
                "cpu_credits": "standard"
              }
            ],
            "disable_api_stop": false,
            "disable_api_termination": false,
            "ebs_block_device": [],
            "ebs_optimized": false,
            "enclave_options": [
              {
                "enabled": false
              }
            ],
            "ephemeral_block_device": [],
            "get_password_data": false,
            "hibernation": false,
            "host_id": null,
            "host_resource_group_arn": null,
            "iam_instance_profile": "",
            "id": "i-04b8aa2d6a00dfd11",
            "instance_initiated_shutdown_behavior": "stop",
            "instance_state": "running",
            "instance_type": "t2.micro",
            "ipv6_address_count": 0,
            "ipv6_addresses": [],
            "key_name": "apurv-key",
            "launch_template": [],
            "maintenance_options": [
              {
                "auto_recovery": "default"
              }
            ],
            "metadata_options": [
              {
                "http_endpoint": "enabled",
                "http_put_response_hop_limit": 1,
                "http_tokens": "optional",
                "instance_metadata_tags": "disabled"
              }
            ],
            "monitoring": false,
            "network_interface": [],
            "outpost_arn": "",
            "password_data": "",
            "placement_group": "",
            "placement_partition_number": null,
            "primary_network_interface_id": "eni-0f5d55ac1ac8fca8a",
            "private_dns": "ip-172-31-28-111.ec2.internal",
            "private_dns_name_options": [
              {
                "enable_resource_name_dns_a_record": false,
                "enable_resource_name_dns_aaaa_record": false,
                "hostname_type": "ip-name"
              }
            ],
            "private_ip": "172.31.28.111",
            "public_dns": "ec2-54-85-138-219.compute-1.amazonaws.com",
            "public_ip": "54.85.138.219",
            "root_block_device": [
              {
                "delete_on_termination": true,
                "device_name": "/dev/sda1",
                "encrypted": false,
                "iops": 100,
                "kms_key_id": "",
                "tags": {},
                "throughput": 0,
                "volume_id": "vol-0f4c65d32ebb7a888",
                "volume_size": 8,
                "volume_type": "gp2"
              }
            ],
            "secondary_private_ips": [],
            "security_groups": [
              "apurv-grp"
            ],
            "source_dest_check": true,
            "subnet_id": "subnet-02c59050718c1deaf",
            "tags": {
              "Name": "apurv-instance"
            },
            "tags_all": {
              "Name": "apurv-instance"
            },
            "tenancy": "default",
            "timeouts": null,
            "user_data": null,
            "user_data_base64": null,
            "user_data_replace_on_change": false,
            "volume_tags": null,
            "vpc_security_group_ids": [
              "sg-0b4a205548a9afd13"
            ]
          },
          "sensitive_attributes": [],
          "private": "eyJlMmJmYjczMC1lY2FhLTExZTYtOGY4OC0zNDM2M2JjN2M0YzAiOnsiY3JlYXRlIjo2MDAwMDAwMDAwMDAsImRlbGV0ZSI6MTIwMDAwMDAwMDAwMCwidXBkYXRlIjo2MDAwMDAwMDAwMDB9LCJzY2hlbWFfdmVyc2lvbiI6IjEifQ==",
          "dependencies": [
            "aws_key_pair.key",
            "aws_security_group.security-grp"
          ]
        }
      ]
    },
    {
      "mode": "managed",
      "type": "aws_key_pair",
      "name": "key",
      "provider": "provider[\"registry.terraform.io/hashicorp/aws\"]",
      "instances": [
        {
          "schema_version": 1,
          "attributes": {
            "arn": "arn:aws:ec2:us-east-1:404973048572:key-pair/apurv-key",
            "fingerprint": "e2:77:60:ec:75:52:4e:a0:6f:e5:d9:af:19:9a:89:5c",
            "id": "apurv-key",
            "key_name": "apurv-key",
            "key_name_prefix": "",
            "key_pair_id": "key-0d925bc4da44f757e",
            "key_type": "rsa",
            "public_key": "ssh-rsa AAAAB3NzaC1yc2EAAAADAQABAAABgQDt2N0P3c2kGWQdJtL7oL/QkGgMnpGGwpXKHNkgT6s276IGC/TOWcWr/cp5sdTaOqaTyLnBxIwnQaPVuRLtGwfwmEfYb3XOLOPfoR443Cgz1F9OblPmOUKufp1bYmFw46K5KgH83FqfeYudwJUnl2HsXZmv8g0EQF+PR/XZ608AOW4uwcl9IIQoKs73fa9ywv+uLkDWK8sdvHo2AlDoH4gC5Ljk5+zOzCVbpfGjz7ZlkivBxOFrf47YOKbsgru5dQDgwie5xV4wXkFFwOxQ7BszDK58nHgU/PqV7RYev3jKvQYAd5zQD00eKEwHRnPuvUibqCP1OuiIHIdiqtuQYrLv5Y9ZZckVL9Rgj7Bwk7GBb5M+uVSrKNavYJu9Ekeoz4lMhzS65T/KBMyYlnloCDMfAXOCSWtiJa5W8WwTctgmnU8qrRDjglUY+VHjB3Wkyr420HKQSx7QpGHfVNg1aEbTVvnAEWVNlwNQWNku1+01c2tky7w2txh1c7E1i7lyL9k= root@chef-server.example.com",
            "tags": null,
            "tags_all": {}
          },
          "sensitive_attributes": [],
          "private": "eyJzY2hlbWFfdmVyc2lvbiI6IjEifQ=="
        }
      ]
    },
    {
      "mode": "managed",
      "type": "aws_security_group",
      "name": "security-grp",
      "provider": "provider[\"registry.terraform.io/hashicorp/aws\"]",
      "instances": [
        {
          "schema_version": 1,
          "attributes": {
            "arn": "arn:aws:ec2:us-east-1:404973048572:security-group/sg-0b4a205548a9afd13",
            "description": "Allow TLS inbound traffic",
            "egress": [
              {
                "cidr_blocks": [
                  "0.0.0.0/0"
                ],
                "description": "",
                "from_port": 0,
                "ipv6_cidr_blocks": [
                  "::/0"
                ],
                "prefix_list_ids": [],
                "protocol": "-1",
                "security_groups": [],
                "self": false,
                "to_port": 0
              }
            ],
            "id": "sg-0b4a205548a9afd13",
            "ingress": [
              {
                "cidr_blocks": [
                  "0.0.0.0/0"
                ],
                "description": "TLS from VPC",
                "from_port": 80,
                "ipv6_cidr_blocks": [],
                "prefix_list_ids": [],
                "protocol": "tcp",
                "security_groups": [],
                "self": false,
                "to_port": 80
              }
            ],
            "name": "apurv-grp",
            "name_prefix": "",
            "owner_id": "404973048572",
            "revoke_rules_on_delete": false,
            "tags": {
              "Name": "apurv-grp"
            },
            "tags_all": {
              "Name": "apurv-grp"
            },
            "timeouts": null,
            "vpc_id": "vpc-05c9f7d030a6556d3"
          },
          "sensitive_attributes": [],
          "private": "eyJlMmJmYjczMC1lY2FhLTExZTYtOGY4OC0zNDM2M2JjN2M0YzAiOnsiY3JlYXRlIjo2MDAwMDAwMDAwMDAsImRlbGV0ZSI6OTAwMDAwMDAwMDAwfSwic2NoZW1hX3ZlcnNpb24iOiIxIn0="
        }
      ]
    }
  ]
}
